// !$*UTF8*$!
{
	archiveVersion = 1;
	classes = {
	};
	objectVersion = 56;
	objects = {

/* Begin PBXBuildFile section */
		D118C4842B0C7F9D00DDF63C /* LoginController.swift in Sources */ = {isa = PBXBuildFile; fileRef = D118C4832B0C7F9D00DDF63C /* LoginController.swift */; };
		D118C4862B0C831A00DDF63C /* SignupController.swift in Sources */ = {isa = PBXBuildFile; fileRef = D118C4852B0C831A00DDF63C /* SignupController.swift */; };
		D118C4882B0C8F9600DDF63C /* LoginInfo.swift in Sources */ = {isa = PBXBuildFile; fileRef = D118C4872B0C8F9600DDF63C /* LoginInfo.swift */; };
		D1206DD52B03D876000EAFFE /* ProfileViewController.swift in Sources */ = {isa = PBXBuildFile; fileRef = D1206DD42B03D875000EAFFE /* ProfileViewController.swift */; };
		D1206DD72B03D8C9000EAFFE /* SavedChurchController.swift in Sources */ = {isa = PBXBuildFile; fileRef = D1206DD62B03D8C9000EAFFE /* SavedChurchController.swift */; };
		D1206DD92B03E1B5000EAFFE /* Church.swift in Sources */ = {isa = PBXBuildFile; fileRef = D1206DD82B03E1B5000EAFFE /* Church.swift */; };
		D1206DDD2B03E56E000EAFFE /* ChurchViewCell.swift in Sources */ = {isa = PBXBuildFile; fileRef = D1206DDC2B03E56E000EAFFE /* ChurchViewCell.swift */; };
		D1206DDF2B03F213000EAFFE /* ChurchDetailController.swift in Sources */ = {isa = PBXBuildFile; fileRef = D1206DDE2B03F213000EAFFE /* ChurchDetailController.swift */; };
		D151F0C12AFA1753009C8ED1 /* AppDelegate.swift in Sources */ = {isa = PBXBuildFile; fileRef = D151F0C02AFA1753009C8ED1 /* AppDelegate.swift */; };
		D151F0C32AFA1753009C8ED1 /* SceneDelegate.swift in Sources */ = {isa = PBXBuildFile; fileRef = D151F0C22AFA1753009C8ED1 /* SceneDelegate.swift */; };
		D151F0C52AFA1753009C8ED1 /* ViewController.swift in Sources */ = {isa = PBXBuildFile; fileRef = D151F0C42AFA1753009C8ED1 /* ViewController.swift */; };
		D151F0C82AFA1753009C8ED1 /* Main.storyboard in Resources */ = {isa = PBXBuildFile; fileRef = D151F0C62AFA1753009C8ED1 /* Main.storyboard */; };
		D151F0CA2AFA1754009C8ED1 /* Assets.xcassets in Resources */ = {isa = PBXBuildFile; fileRef = D151F0C92AFA1754009C8ED1 /* Assets.xcassets */; };
		D151F0CD2AFA1754009C8ED1 /* LaunchScreen.storyboard in Resources */ = {isa = PBXBuildFile; fileRef = D151F0CB2AFA1754009C8ED1 /* LaunchScreen.storyboard */; };
		D1B9FF1C2B00309200732B26 /* WhatDayController.swift in Sources */ = {isa = PBXBuildFile; fileRef = D1B9FF1B2B00309200732B26 /* WhatDayController.swift */; };
		D1B9FF1E2B00345A00732B26 /* SearchResultController.swift in Sources */ = {isa = PBXBuildFile; fileRef = D1B9FF1D2B00345A00732B26 /* SearchResultController.swift */; };
		D1B9FF202B029E5C00732B26 /* WhatDay.swift in Sources */ = {isa = PBXBuildFile; fileRef = D1B9FF1F2B029E5C00732B26 /* WhatDay.swift */; };
		D1B9FF222B02FFB800732B26 /* ServiceHourMap.swift in Sources */ = {isa = PBXBuildFile; fileRef = D1B9FF212B02FFB800732B26 /* ServiceHourMap.swift */; };
/* End PBXBuildFile section */

/* Begin PBXFileReference section */
		D118C4832B0C7F9D00DDF63C /* LoginController.swift */ = {isa = PBXFileReference; lastKnownFileType = sourcecode.swift; path = LoginController.swift; sourceTree = "<group>"; };
		D118C4852B0C831A00DDF63C /* SignupController.swift */ = {isa = PBXFileReference; lastKnownFileType = sourcecode.swift; path = SignupController.swift; sourceTree = "<group>"; };
		D118C4872B0C8F9600DDF63C /* LoginInfo.swift */ = {isa = PBXFileReference; lastKnownFileType = sourcecode.swift; path = LoginInfo.swift; sourceTree = "<group>"; };
		D1206DD42B03D875000EAFFE /* ProfileViewController.swift */ = {isa = PBXFileReference; lastKnownFileType = sourcecode.swift; path = ProfileViewController.swift; sourceTree = "<group>"; };
		D1206DD62B03D8C9000EAFFE /* SavedChurchController.swift */ = {isa = PBXFileReference; lastKnownFileType = sourcecode.swift; path = SavedChurchController.swift; sourceTree = "<group>"; };
		D1206DD82B03E1B5000EAFFE /* Church.swift */ = {isa = PBXFileReference; lastKnownFileType = sourcecode.swift; path = Church.swift; sourceTree = "<group>"; };
		D1206DDC2B03E56E000EAFFE /* ChurchViewCell.swift */ = {isa = PBXFileReference; lastKnownFileType = sourcecode.swift; path = ChurchViewCell.swift; sourceTree = "<group>"; };
		D1206DDE2B03F213000EAFFE /* ChurchDetailController.swift */ = {isa = PBXFileReference; lastKnownFileType = sourcecode.swift; path = ChurchDetailController.swift; sourceTree = "<group>"; };
		D151F0BD2AFA1753009C8ED1 /* iOS101CapstoneGoFindChurch.app */ = {isa = PBXFileReference; explicitFileType = wrapper.application; includeInIndex = 0; path = iOS101CapstoneGoFindChurch.app; sourceTree = BUILT_PRODUCTS_DIR; };
		D151F0C02AFA1753009C8ED1 /* AppDelegate.swift */ = {isa = PBXFileReference; lastKnownFileType = sourcecode.swift; path = AppDelegate.swift; sourceTree = "<group>"; };
		D151F0C22AFA1753009C8ED1 /* SceneDelegate.swift */ = {isa = PBXFileReference; lastKnownFileType = sourcecode.swift; path = SceneDelegate.swift; sourceTree = "<group>"; };
		D151F0C42AFA1753009C8ED1 /* ViewController.swift */ = {isa = PBXFileReference; lastKnownFileType = sourcecode.swift; path = ViewController.swift; sourceTree = "<group>"; };
		D151F0C72AFA1753009C8ED1 /* Base */ = {isa = PBXFileReference; lastKnownFileType = file.storyboard; name = Base; path = Base.lproj/Main.storyboard; sourceTree = "<group>"; };
		D151F0C92AFA1754009C8ED1 /* Assets.xcassets */ = {isa = PBXFileReference; lastKnownFileType = folder.assetcatalog; path = Assets.xcassets; sourceTree = "<group>"; };
		D151F0CC2AFA1754009C8ED1 /* Base */ = {isa = PBXFileReference; lastKnownFileType = file.storyboard; name = Base; path = Base.lproj/LaunchScreen.storyboard; sourceTree = "<group>"; };
		D151F0CE2AFA1754009C8ED1 /* Info.plist */ = {isa = PBXFileReference; lastKnownFileType = text.plist.xml; path = Info.plist; sourceTree = "<group>"; };
		D1B9FF1B2B00309200732B26 /* WhatDayController.swift */ = {isa = PBXFileReference; lastKnownFileType = sourcecode.swift; path = WhatDayController.swift; sourceTree = "<group>"; };
		D1B9FF1D2B00345A00732B26 /* SearchResultController.swift */ = {isa = PBXFileReference; lastKnownFileType = sourcecode.swift; path = SearchResultController.swift; sourceTree = "<group>"; };
		D1B9FF1F2B029E5C00732B26 /* WhatDay.swift */ = {isa = PBXFileReference; lastKnownFileType = sourcecode.swift; path = WhatDay.swift; sourceTree = "<group>"; };
		D1B9FF212B02FFB800732B26 /* ServiceHourMap.swift */ = {isa = PBXFileReference; lastKnownFileType = sourcecode.swift; path = ServiceHourMap.swift; sourceTree = "<group>"; };
/* End PBXFileReference section */

/* Begin PBXFrameworksBuildPhase section */
		D151F0BA2AFA1753009C8ED1 /* Frameworks */ = {
			isa = PBXFrameworksBuildPhase;
			buildActionMask = 2147483647;
			files = (
			);
			runOnlyForDeploymentPostprocessing = 0;
		};
/* End PBXFrameworksBuildPhase section */

/* Begin PBXGroup section */
		D151F0B42AFA1753009C8ED1 = {
			isa = PBXGroup;
			children = (
				D151F0BF2AFA1753009C8ED1 /* iOS101CapstoneGoFindChurch */,
				D151F0BE2AFA1753009C8ED1 /* Products */,
			);
			sourceTree = "<group>";
		};
		D151F0BE2AFA1753009C8ED1 /* Products */ = {
			isa = PBXGroup;
			children = (
				D151F0BD2AFA1753009C8ED1 /* iOS101CapstoneGoFindChurch.app */,
			);
			name = Products;
			sourceTree = "<group>";
		};
		D151F0BF2AFA1753009C8ED1 /* iOS101CapstoneGoFindChurch */ = {
			isa = PBXGroup;
			children = (
				D1206DD82B03E1B5000EAFFE /* Church.swift */,
				D1206DDC2B03E56E000EAFFE /* ChurchViewCell.swift */,
				D151F0C02AFA1753009C8ED1 /* AppDelegate.swift */,
				D151F0C22AFA1753009C8ED1 /* SceneDelegate.swift */,
				D151F0C42AFA1753009C8ED1 /* ViewController.swift */,
				D1B9FF212B02FFB800732B26 /* ServiceHourMap.swift */,
				D1B9FF1F2B029E5C00732B26 /* WhatDay.swift */,
				D1B9FF1B2B00309200732B26 /* WhatDayController.swift */,
				D1206DDE2B03F213000EAFFE /* ChurchDetailController.swift */,
				D1B9FF1D2B00345A00732B26 /* SearchResultController.swift */,
				D118C4832B0C7F9D00DDF63C /* LoginController.swift */,
				D118C4852B0C831A00DDF63C /* SignupController.swift */,
				D118C4872B0C8F9600DDF63C /* LoginInfo.swift */,
				D1206DD42B03D875000EAFFE /* ProfileViewController.swift */,
				D1206DD62B03D8C9000EAFFE /* SavedChurchController.swift */,
				D151F0C62AFA1753009C8ED1 /* Main.storyboard */,
				D151F0C92AFA1754009C8ED1 /* Assets.xcassets */,
				D151F0CB2AFA1754009C8ED1 /* LaunchScreen.storyboard */,
				D151F0CE2AFA1754009C8ED1 /* Info.plist */,
			);
			path = iOS101CapstoneGoFindChurch;
			sourceTree = "<group>";
		};
/* End PBXGroup section */

/* Begin PBXNativeTarget section */
		D151F0BC2AFA1753009C8ED1 /* iOS101CapstoneGoFindChurch */ = {
			isa = PBXNativeTarget;
			buildConfigurationList = D151F0D12AFA1754009C8ED1 /* Build configuration list for PBXNativeTarget "iOS101CapstoneGoFindChurch" */;
			buildPhases = (
				D151F0B92AFA1753009C8ED1 /* Sources */,
				D151F0BA2AFA1753009C8ED1 /* Frameworks */,
				D151F0BB2AFA1753009C8ED1 /* Resources */,
			);
			buildRules = (
			);
			dependencies = (
			);
			name = iOS101CapstoneGoFindChurch;
			productName = iOS101CapstoneGoFindChurch;
			productReference = D151F0BD2AFA1753009C8ED1 /* iOS101CapstoneGoFindChurch.app */;
			productType = "com.apple.product-type.application";
		};
/* End PBXNativeTarget section */

/* Begin PBXProject section */
		D151F0B52AFA1753009C8ED1 /* Project object */ = {
			isa = PBXProject;
			attributes = {
				BuildIndependentTargetsInParallel = 1;
				LastSwiftUpdateCheck = 1500;
				LastUpgradeCheck = 1500;
				TargetAttributes = {
					D151F0BC2AFA1753009C8ED1 = {
						CreatedOnToolsVersion = 15.0.1;
					};
				};
			};
			buildConfigurationList = D151F0B82AFA1753009C8ED1 /* Build configuration list for PBXProject "iOS101CapstoneGoFindChurch" */;
			compatibilityVersion = "Xcode 14.0";
			developmentRegion = en;
			hasScannedForEncodings = 0;
			knownRegions = (
				en,
				Base,
			);
			mainGroup = D151F0B42AFA1753009C8ED1;
			productRefGroup = D151F0BE2AFA1753009C8ED1 /* Products */;
			projectDirPath = "";
			projectRoot = "";
			targets = (
				D151F0BC2AFA1753009C8ED1 /* iOS101CapstoneGoFindChurch */,
			);
		};
/* End PBXProject section */

/* Begin PBXResourcesBuildPhase section */
		D151F0BB2AFA1753009C8ED1 /* Resources */ = {
			isa = PBXResourcesBuildPhase;
			buildActionMask = 2147483647;
			files = (
				D151F0CD2AFA1754009C8ED1 /* LaunchScreen.storyboard in Resources */,
				D151F0CA2AFA1754009C8ED1 /* Assets.xcassets in Resources */,
				D151F0C82AFA1753009C8ED1 /* Main.storyboard in Resources */,
			);
			runOnlyForDeploymentPostprocessing = 0;
		};
/* End PBXResourcesBuildPhase section */

/* Begin PBXSourcesBuildPhase section */
		D151F0B92AFA1753009C8ED1 /* Sources */ = {
			isa = PBXSourcesBuildPhase;
			buildActionMask = 2147483647;
			files = (
				D1206DD92B03E1B5000EAFFE /* Church.swift in Sources */,
				D1206DD72B03D8C9000EAFFE /* SavedChurchController.swift in Sources */,
				D1B9FF1C2B00309200732B26 /* WhatDayController.swift in Sources */,
				D118C4842B0C7F9D00DDF63C /* LoginController.swift in Sources */,
				D1206DDF2B03F213000EAFFE /* ChurchDetailController.swift in Sources */,
				D151F0C52AFA1753009C8ED1 /* ViewController.swift in Sources */,
				D1B9FF202B029E5C00732B26 /* WhatDay.swift in Sources */,
				D151F0C12AFA1753009C8ED1 /* AppDelegate.swift in Sources */,
				D151F0C32AFA1753009C8ED1 /* SceneDelegate.swift in Sources */,
				D118C4882B0C8F9600DDF63C /* LoginInfo.swift in Sources */,
				D118C4862B0C831A00DDF63C /* SignupController.swift in Sources */,
				D1206DDD2B03E56E000EAFFE /* ChurchViewCell.swift in Sources */,
				D1B9FF222B02FFB800732B26 /* ServiceHourMap.swift in Sources */,
				D1206DD52B03D876000EAFFE /* ProfileViewController.swift in Sources */,
				D1B9FF1E2B00345A00732B26 /* SearchResultController.swift in Sources */,
			);
			runOnlyForDeploymentPostprocessing = 0;
		};
/* End PBXSourcesBuildPhase section */

/* Begin PBXVariantGroup section */
		D151F0C62AFA1753009C8ED1 /* Main.storyboard */ = {
			isa = PBXVariantGroup;
			children = (
				D151F0C72AFA1753009C8ED1 /* Base */,
			);
			name = Main.storyboard;
			sourceTree = "<group>";
		};
		D151F0CB2AFA1754009C8ED1 /* LaunchScreen.storyboard */ = {
			isa = PBXVariantGroup;
			children = (
				D151F0CC2AFA1754009C8ED1 /* Base */,
			);
			name = LaunchScreen.storyboard;
			sourceTree = "<group>";
		};
/* End PBXVariantGroup section */

/* Begin XCBuildConfiguration section */
		D151F0CF2AFA1754009C8ED1 /* Debug */ = {
			isa = XCBuildConfiguration;
			buildSettings = {
				ALWAYS_SEARCH_USER_PATHS = NO;
				ASSETCATALOG_COMPILER_GENERATE_SWIFT_ASSET_SYMBOL_EXTENSIONS = YES;
				CLANG_ANALYZER_NONNULL = YES;
				CLANG_ANALYZER_NUMBER_OBJECT_CONVERSION = YES_AGGRESSIVE;
				CLANG_CXX_LANGUAGE_STANDARD = "gnu++20";
				CLANG_ENABLE_MODULES = YES;
				CLANG_ENABLE_OBJC_ARC = YES;
				CLANG_ENABLE_OBJC_WEAK = YES;
				CLANG_WARN_BLOCK_CAPTURE_AUTORELEASING = YES;
				CLANG_WARN_BOOL_CONVERSION = YES;
				CLANG_WARN_COMMA = YES;
				CLANG_WARN_CONSTANT_CONVERSION = YES;
				CLANG_WARN_DEPRECATED_OBJC_IMPLEMENTATIONS = YES;
				CLANG_WARN_DIRECT_OBJC_ISA_USAGE = YES_ERROR;
				CLANG_WARN_DOCUMENTATION_COMMENTS = YES;
				CLANG_WARN_EMPTY_BODY = YES;
				CLANG_WARN_ENUM_CONVERSION = YES;
				CLANG_WARN_INFINITE_RECURSION = YES;
				CLANG_WARN_INT_CONVERSION = YES;
				CLANG_WARN_NON_LITERAL_NULL_CONVERSION = YES;
				CLANG_WARN_OBJC_IMPLICIT_RETAIN_SELF = YES;
				CLANG_WARN_OBJC_LITERAL_CONVERSION = YES;
				CLANG_WARN_OBJC_ROOT_CLASS = YES_ERROR;
				CLANG_WARN_QUOTED_INCLUDE_IN_FRAMEWORK_HEADER = YES;
				CLANG_WARN_RANGE_LOOP_ANALYSIS = YES;
				CLANG_WARN_STRICT_PROTOTYPES = YES;
				CLANG_WARN_SUSPICIOUS_MOVE = YES;
				CLANG_WARN_UNGUARDED_AVAILABILITY = YES_AGGRESSIVE;
				CLANG_WARN_UNREACHABLE_CODE = YES;
				CLANG_WARN__DUPLICATE_METHOD_MATCH = YES;
				COPY_PHASE_STRIP = NO;
				DEBUG_INFORMATION_FORMAT = dwarf;
				ENABLE_STRICT_OBJC_MSGSEND = YES;
				ENABLE_TESTABILITY = YES;
				ENABLE_USER_SCRIPT_SANDBOXING = YES;
				GCC_C_LANGUAGE_STANDARD = gnu17;
				GCC_DYNAMIC_NO_PIC = NO;
				GCC_NO_COMMON_BLOCKS = YES;
				GCC_OPTIMIZATION_LEVEL = 0;
				GCC_PREPROCESSOR_DEFINITIONS = (
					"DEBUG=1",
					"$(inherited)",
				);
				GCC_WARN_64_TO_32_BIT_CONVERSION = YES;
				GCC_WARN_ABOUT_RETURN_TYPE = YES_ERROR;
				GCC_WARN_UNDECLARED_SELECTOR = YES;
				GCC_WARN_UNINITIALIZED_AUTOS = YES_AGGRESSIVE;
				GCC_WARN_UNUSED_FUNCTION = YES;
				GCC_WARN_UNUSED_VARIABLE = YES;
				IPHONEOS_DEPLOYMENT_TARGET = 17.0;
				LOCALIZATION_PREFERS_STRING_CATALOGS = YES;
				MTL_ENABLE_DEBUG_INFO = INCLUDE_SOURCE;
				MTL_FAST_MATH = YES;
				ONLY_ACTIVE_ARCH = YES;
				SDKROOT = iphoneos;
				SWIFT_ACTIVE_COMPILATION_CONDITIONS = "DEBUG $(inherited)";
				SWIFT_OPTIMIZATION_LEVEL = "-Onone";
			};
			name = Debug;
		};
		D151F0D02AFA1754009C8ED1 /* Release */ = {
			isa = XCBuildConfiguration;
			buildSettings = {
				ALWAYS_SEARCH_USER_PATHS = NO;
				ASSETCATALOG_COMPILER_GENERATE_SWIFT_ASSET_SYMBOL_EXTENSIONS = YES;
				CLANG_ANALYZER_NONNULL = YES;
				CLANG_ANALYZER_NUMBER_OBJECT_CONVERSION = YES_AGGRESSIVE;
				CLANG_CXX_LANGUAGE_STANDARD = "gnu++20";
				CLANG_ENABLE_MODULES = YES;
				CLANG_ENABLE_OBJC_ARC = YES;
				CLANG_ENABLE_OBJC_WEAK = YES;
				CLANG_WARN_BLOCK_CAPTURE_AUTORELEASING = YES;
				CLANG_WARN_BOOL_CONVERSION = YES;
				CLANG_WARN_COMMA = YES;
				CLANG_WARN_CONSTANT_CONVERSION = YES;
				CLANG_WARN_DEPRECATED_OBJC_IMPLEMENTATIONS = YES;
				CLANG_WARN_DIRECT_OBJC_ISA_USAGE = YES_ERROR;
				CLANG_WARN_DOCUMENTATION_COMMENTS = YES;
				CLANG_WARN_EMPTY_BODY = YES;
				CLANG_WARN_ENUM_CONVERSION = YES;
				CLANG_WARN_INFINITE_RECURSION = YES;
				CLANG_WARN_INT_CONVERSION = YES;
				CLANG_WARN_NON_LITERAL_NULL_CONVERSION = YES;
				CLANG_WARN_OBJC_IMPLICIT_RETAIN_SELF = YES;
				CLANG_WARN_OBJC_LITERAL_CONVERSION = YES;
				CLANG_WARN_OBJC_ROOT_CLASS = YES_ERROR;
				CLANG_WARN_QUOTED_INCLUDE_IN_FRAMEWORK_HEADER = YES;
				CLANG_WARN_RANGE_LOOP_ANALYSIS = YES;
				CLANG_WARN_STRICT_PROTOTYPES = YES;
				CLANG_WARN_SUSPICIOUS_MOVE = YES;
				CLANG_WARN_UNGUARDED_AVAILABILITY = YES_AGGRESSIVE;
				CLANG_WARN_UNREACHABLE_CODE = YES;
				CLANG_WARN__DUPLICATE_METHOD_MATCH = YES;
				COPY_PHASE_STRIP = NO;
				DEBUG_INFORMATION_FORMAT = "dwarf-with-dsym";
				ENABLE_NS_ASSERTIONS = NO;
				ENABLE_STRICT_OBJC_MSGSEND = YES;
				ENABLE_USER_SCRIPT_SANDBOXING = YES;
				GCC_C_LANGUAGE_STANDARD = gnu17;
				GCC_NO_COMMON_BLOCKS = YES;
				GCC_WARN_64_TO_32_BIT_CONVERSION = YES;
				GCC_WARN_ABOUT_RETURN_TYPE = YES_ERROR;
				GCC_WARN_UNDECLARED_SELECTOR = YES;
				GCC_WARN_UNINITIALIZED_AUTOS = YES_AGGRESSIVE;
				GCC_WARN_UNUSED_FUNCTION = YES;
				GCC_WARN_UNUSED_VARIABLE = YES;
				IPHONEOS_DEPLOYMENT_TARGET = 17.0;
				LOCALIZATION_PREFERS_STRING_CATALOGS = YES;
				MTL_ENABLE_DEBUG_INFO = NO;
				MTL_FAST_MATH = YES;
				SDKROOT = iphoneos;
				SWIFT_COMPILATION_MODE = wholemodule;
				VALIDATE_PRODUCT = YES;
			};
			name = Release;
		};
		D151F0D22AFA1754009C8ED1 /* Debug */ = {
			isa = XCBuildConfiguration;
			buildSettings = {
				ASSETCATALOG_COMPILER_APPICON_NAME = AppIcon;
				ASSETCATALOG_COMPILER_GLOBAL_ACCENT_COLOR_NAME = AccentColor;
				CODE_SIGN_STYLE = Automatic;
				CURRENT_PROJECT_VERSION = 1;
				GENERATE_INFOPLIST_FILE = YES;
				INFOPLIST_FILE = iOS101CapstoneGoFindChurch/Info.plist;
				INFOPLIST_KEY_UIApplicationSupportsIndirectInputEvents = YES;
				INFOPLIST_KEY_UILaunchStoryboardName = LaunchScreen;
				INFOPLIST_KEY_UIMainStoryboardFile = Main;
				INFOPLIST_KEY_UISupportedInterfaceOrientations_iPad = "UIInterfaceOrientationPortrait UIInterfaceOrientationPortraitUpsideDown UIInterfaceOrientationLandscapeLeft UIInterfaceOrientationLandscapeRight";
				INFOPLIST_KEY_UISupportedInterfaceOrientations_iPhone = "UIInterfaceOrientationPortrait UIInterfaceOrientationLandscapeLeft UIInterfaceOrientationLandscapeRight";
				LD_RUNPATH_SEARCH_PATHS = (
					"$(inherited)",
					"@executable_path/Frameworks",
				);
				MARKETING_VERSION = 1.0;
				PRODUCT_BUNDLE_IDENTIFIER = mark.iOS101CapstoneGoFindChurch;
				PRODUCT_NAME = "$(TARGET_NAME)";
				SWIFT_EMIT_LOC_STRINGS = YES;
				SWIFT_VERSION = 5.0;
				TARGETED_DEVICE_FAMILY = "1,2";
			};
			name = Debug;
		};
		D151F0D32AFA1754009C8ED1 /* Release */ = {
			isa = XCBuildConfiguration;
			buildSettings = {
				ASSETCATALOG_COMPILER_APPICON_NAME = AppIcon;
				ASSETCATALOG_COMPILER_GLOBAL_ACCENT_COLOR_NAME = AccentColor;
				CODE_SIGN_STYLE = Automatic;
				CURRENT_PROJECT_VERSION = 1;
				GENERATE_INFOPLIST_FILE = YES;
				INFOPLIST_FILE = iOS101CapstoneGoFindChurch/Info.plist;
				INFOPLIST_KEY_UIApplicationSupportsIndirectInputEvents = YES;
				INFOPLIST_KEY_UILaunchStoryboardName = LaunchScreen;
				INFOPLIST_KEY_UIMainStoryboardFile = Main;
				INFOPLIST_KEY_UISupportedInterfaceOrientations_iPad = "UIInterfaceOrientationPortrait UIInterfaceOrientationPortraitUpsideDown UIInterfaceOrientationLandscapeLeft UIInterfaceOrientationLandscapeRight";
				INFOPLIST_KEY_UISupportedInterfaceOrientations_iPhone = "UIInterfaceOrientationPortrait UIInterfaceOrientationLandscapeLeft UIInterfaceOrientationLandscapeRight";
				LD_RUNPATH_SEARCH_PATHS = (
					"$(inherited)",
					"@executable_path/Frameworks",
				);
				MARKETING_VERSION = 1.0;
				PRODUCT_BUNDLE_IDENTIFIER = mark.iOS101CapstoneGoFindChurch;
				PRODUCT_NAME = "$(TARGET_NAME)";
				SWIFT_EMIT_LOC_STRINGS = YES;
				SWIFT_VERSION = 5.0;
				TARGETED_DEVICE_FAMILY = "1,2";
			};
			name = Release;
		};
/* End XCBuildConfiguration section */

/* Begin XCConfigurationList section */
		D151F0B82AFA1753009C8ED1 /* Build configuration list for PBXProject "iOS101CapstoneGoFindChurch" */ = {
			isa = XCConfigurationList;
			buildConfigurations = (
				D151F0CF2AFA1754009C8ED1 /* Debug */,
				D151F0D02AFA1754009C8ED1 /* Release */,
			);
			defaultConfigurationIsVisible = 0;
			defaultConfigurationName = Release;
		};
		D151F0D12AFA1754009C8ED1 /* Build configuration list for PBXNativeTarget "iOS101CapstoneGoFindChurch" */ = {
			isa = XCConfigurationList;
			buildConfigurations = (
				D151F0D22AFA1754009C8ED1 /* Debug */,
				D151F0D32AFA1754009C8ED1 /* Release */,
			);
			defaultConfigurationIsVisible = 0;
			defaultConfigurationName = Release;
		};
/* End XCConfigurationList section */
	};
	rootObject = D151F0B52AFA1753009C8ED1 /* Project object */;
}
